{
  "name": "playtown",
  "version": "1.0.0",
  "lockfileVersion": 1,
  "requires": true,
  "dependencies": {
    "phaser-ce": {
      "version": "2.11.0",
      "resolved": "https://registry.npmjs.org/phaser-ce/-/phaser-ce-2.11.0.tgz",
      "integrity": "sha512-3y0isbf/gCGIraF9M7fgZQIr5eUvmeb5q5WlIrngqB5ECdm4Q+5wYp/hwosnxaz8xpJk+4bx/EL5uMqZdSCuDQ=="
    },
    "phaser-state-transition": {
      "version": "2.5.1",
      "resolved": "https://registry.npmjs.org/phaser-state-transition/-/phaser-state-transition-2.5.1.tgz",
      "integrity": "sha512-0MtJcJczsD2sfDliOkdAHw1SIqcS4whm+qpOmhMMKjgmdeCM1U5CWd/YmHj7cog9owGMPa027kmu+d1Z0C1f9Q=="
    },
    "typeface-jua": {
      "version": "0.0.58",
      "resolved": "https://registry.npmjs.org/typeface-jua/-/typeface-jua-0.0.58.tgz",
      "integrity": "sha512-zR2YgV/+SI2Xt/qt+0wxYbINxLLGx6ere9CBeeaFGqaRaIRMX83GqWd077TlYdHZe7uvPkFDr91bvY/pTmGPGw=="
    },
    "typeface-londrina-solid": {
      "version": "0.0.54",
      "resolved": "https://registry.npmjs.org/typeface-londrina-solid/-/typeface-londrina-solid-0.0.54.tgz",
      "integrity": "sha512-mBZixmjd2lwAXcHuYsL2g4mIezJANeFJdWOYTj6fvgXDMbdqncSGTzIeN2gKxp6bOltLJ8je9ophp7vLaYbuCg=="
    }
  }
}
