{
  "name": "playtown",
  "version": "1.0.0",
  "lockfileVersion": 1,
  "requires": true,
  "dependencies": {
    "file-saver": {
      "version": "1.3.8",
      "resolved": "https://registry.npmjs.org/file-saver/-/file-saver-1.3.8.tgz",
      "integrity": "sha512-spKHSBQIxxS81N/O21WmuXA2F6wppUCsutpzenOeZzOCCJ5gEfcbqJP983IrpLXzYmXnMUa6J03SubcNPdKrlg=="
    },
    "phaser-ce": {
      "version": "2.11.0",
      "resolved": "https://registry.npmjs.org/phaser-ce/-/phaser-ce-2.11.0.tgz",
      "integrity": "sha512-3y0isbf/gCGIraF9M7fgZQIr5eUvmeb5q5WlIrngqB5ECdm4Q+5wYp/hwosnxaz8xpJk+4bx/EL5uMqZdSCuDQ=="
    }
  }
}
